
Microsoft Visual Studio Solution File, Format Version 12.00
# Visual Studio 15
VisualStudioVersion = 15.0.26430.13
MinimumVisualStudioVersion = 10.0.40219.1
Project("{FAE04EC0-301F-11D3-BF4B-00C04F79EFBC}") = "spinecases2", "spinecases2\spinecases2.csproj", "{019520BD-9A31-4FF8-B67E-985ED2B2133E}"
EndProject
Global
	GlobalSection(SolutionConfigurationPlatforms) = preSolution
		Debug|Any CPU = Debug|Any CPU
		Release|Any CPU = Release|Any CPU
	EndGlobalSection
	GlobalSection(ProjectConfigurationPlatforms) = postSolution
		{019520BD-9A31-4FF8-B67E-985ED2B2133E}.Debug|Any CPU.ActiveCfg = Debug|Any CPU
		{019520BD-9A31-4FF8-B67E-985ED2B2133E}.Debug|Any CPU.Build.0 = Debug|Any CPU
		{019520BD-9A31-4FF8-B67E-985ED2B2133E}.Release|Any CPU.ActiveCfg = Release|Any CPU
		{019520BD-9A31-4FF8-B67E-985ED2B2133E}.Release|Any CPU.Build.0 = Release|Any CPU
	EndGlobalSection
	GlobalSection(SolutionProperties) = preSolution
		HideSolutionNode = FALSE
	EndGlobalSection
	GlobalSection(ExtensibilityGlobals) = postSolution
		SolutionGuid = {68EEED84-88C6-42B3-B67B-7D72B55919F6}
	EndGlobalSection
EndGlobal
